Microsoft Visual Studio Solution File, Format Version 11.00
# Visual Studio 2010
Project("{FAE04EC0-301F-11D3-BF4B-00C04F79EFBC}") = "Aural Probe", "Aural Probe.csproj", "{A3123329-E4C9-419E-BF77-C22AA91F9280}"
EndProject
Global
	GlobalSection(SolutionConfigurationPlatforms) = preSolution
		Debug|x86 = Debug|x86
		Release|x86 = Release|x86
	EndGlobalSection
	GlobalSection(ProjectConfigurationPlatforms) = postSolution
		{A3123329-E4C9-419E-BF77-C22AA91F9280}.Debug|x86.ActiveCfg = Debug|x86
		{A3123329-E4C9-419E-BF77-C22AA91F9280}.Debug|x86.Build.0 = Debug|x86
		{A3123329-E4C9-419E-BF77-C22AA91F9280}.Release|x86.ActiveCfg = Release|x86
		{A3123329-E4C9-419E-BF77-C22AA91F9280}.Release|x86.Build.0 = Release|x86
	EndGlobalSection
	GlobalSection(SolutionProperties) = preSolution
		HideSolutionNode = FALSE
	EndGlobalSection
EndGlobal
